<Solution>
  <Configurations>
    <Platform Name="x64" />
  </Configurations>
  <Project Path="ComputacionGraficaT3/textura01/textura01.vcxproj" />
  <Project Path="ComputacionGraficaT3/textura02/textura02.vcxproj" />
  <Project Path="ComputacionGraficaT3/textura03/textura03.vcxproj" />
  <Project Path="ComputacionGraficaT3/z_buffer01/z_buffer01.vcxproj" />
  <Project Path="ComputacionGraficaT3/z_buffer02/z_buffer02.vcxproj" />
</Solution>
